
Microsoft Visual Studio Solution File, Format Version 12.00
# Visual Studio Version 17
VisualStudioVersion = 17.2.32630.192
MinimumVisualStudioVersion = 10.0.40219.1
Project("{9A19103F-16F7-4668-BE54-9A1E7A4F7556}") = "Atata", "src\Atata\Atata.csproj", "{9D876D23-607A-45DC-979A-01DA1D34189C}"
EndProject
Project("{2150E333-8FDC-42A3-9474-1A3956D46DE8}") = "Solution Items", "Solution Items", "{5262AF3A-5A4A-458E-8C38-B133972D058F}"
	ProjectSection(SolutionItems) = preProject
		.editorconfig = .editorconfig
		azure-pipelines.codecoverage.runsettings = azure-pipelines.codecoverage.runsettings
		azure-pipelines.release.yml = azure-pipelines.release.yml
		azure-pipelines.runsettings = azure-pipelines.runsettings
		azure-pipelines.yml = azure-pipelines.yml
		CONTRIBUTING.md = CONTRIBUTING.md
		Directory.Build.props = Directory.Build.props
		en-US_User.dic = en-US_User.dic
		README.md = README.md
	EndProjectSection
EndProject
Project("{9A19103F-16F7-4668-BE54-9A1E7A4F7556}") = "Atata.TestApp", "test\Atata.TestApp\Atata.TestApp.csproj", "{C31D92C7-3E33-4904-9C53-B067551F1472}"
EndProject
Project("{9A19103F-16F7-4668-BE54-9A1E7A4F7556}") = "Atata.IntegrationTests", "test\Atata.IntegrationTests\Atata.IntegrationTests.csproj", "{B13F2FA3-A802-4BCB-929D-8915B2291F99}"
EndProject
Project("{2150E333-8FDC-42A3-9474-1A3956D46DE8}") = "src", "src", "{C03C2388-5E3F-45AB-A93A-EF10A62E158A}"
	ProjectSection(SolutionItems) = preProject
		src\Directory.Build.props = src\Directory.Build.props
		src\GenerateControlDelegates.ps1 = src\GenerateControlDelegates.ps1
		src\GenerateDriverAtataContextBuilders.ps1 = src\GenerateDriverAtataContextBuilders.ps1
		src\GenerateHeadingVerificationTriggers.ps1 = src\GenerateHeadingVerificationTriggers.ps1
	EndProjectSection
EndProject
Project("{9A19103F-16F7-4668-BE54-9A1E7A4F7556}") = "Atata.UnitTests", "test\Atata.UnitTests\Atata.UnitTests.csproj", "{EB4A44FB-422A-4122-9758-A2EDAB56604A}"
EndProject
Project("{9A19103F-16F7-4668-BE54-9A1E7A4F7556}") = "Atata.Benchmarks", "test\Atata.Benchmarks\Atata.Benchmarks.csproj", "{42203426-9492-4992-89A6-F75E78E7CD35}"
EndProject
Project("{9A19103F-16F7-4668-BE54-9A1E7A4F7556}") = "Atata.Xunit.IntegrationTests", "test\Atata.Xunit.IntegrationTests\Atata.Xunit.IntegrationTests.csproj", "{BC378398-CA82-4B4C-AA71-D1CCFB99B94C}"
EndProject
Project("{9A19103F-16F7-4668-BE54-9A1E7A4F7556}") = "Atata.Xunit3.IntegrationTests", "test\Atata.Xunit3.IntegrationTests\Atata.Xunit3.IntegrationTests.csproj", "{CB430424-A729-4B17-9A44-6D55F2509C04}"
EndProject
Project("{9A19103F-16F7-4668-BE54-9A1E7A4F7556}") = "Atata.NUnit.IntegrationTests", "test\Atata.NUnit.IntegrationTests\Atata.NUnit.IntegrationTests.csproj", "{00F4E77C-60CC-40EE-8304-85E67FB1EADE}"
EndProject
Project("{FAE04EC0-301F-11D3-BF4B-00C04F79EFBC}") = "Atata.Reqnroll.NUnit.IntegrationTests", "test\Atata.Reqnroll.NUnit.IntegrationTests\Atata.Reqnroll.NUnit.IntegrationTests.csproj", "{82C45D40-4BFA-43C4-90FC-48F93CEF6649}"
EndProject
Project("{FAE04EC0-301F-11D3-BF4B-00C04F79EFBC}") = "Atata.NUnit", "src\Atata.NUnit\Atata.NUnit.csproj", "{0FD78601-4BF7-4DAE-91E3-B379F6F98B1A}"
EndProject
Project("{FAE04EC0-301F-11D3-BF4B-00C04F79EFBC}") = "Atata.Reqnroll.NUnit", "src\Atata.Reqnroll.NUnit\Atata.Reqnroll.NUnit.csproj", "{23BABE7A-C033-48A1-B2B3-FF038ECF6FEE}"
EndProject
Project("{FAE04EC0-301F-11D3-BF4B-00C04F79EFBC}") = "Atata.MSTest", "src\Atata.MSTest\Atata.MSTest.csproj", "{8BBB94A4-6963-47FF-A664-A35B259416D0}"
EndProject
Project("{FAE04EC0-301F-11D3-BF4B-00C04F79EFBC}") = "Atata.MSTest.IntegrationTests", "test\Atata.MSTest.IntegrationTests\Atata.MSTest.IntegrationTests.csproj", "{C6D76228-8DCB-4D1F-8D2C-676725361C7C}"
EndProject
Project("{FAE04EC0-301F-11D3-BF4B-00C04F79EFBC}") = "Atata.Xunit", "src\Atata.Xunit\Atata.Xunit.csproj", "{DFB313E6-7C0B-4E87-943D-B96813CF3861}"
EndProject
Project("{FAE04EC0-301F-11D3-BF4B-00C04F79EFBC}") = "Atata.Xunit3", "src\Atata.Xunit3\Atata.Xunit3.csproj", "{F79A9CA7-84CD-4D4D-B53D-32B7FF0C75A3}"
EndProject
Global
	GlobalSection(SolutionConfigurationPlatforms) = preSolution
		Debug|Any CPU = Debug|Any CPU
		Release|Any CPU = Release|Any CPU
	EndGlobalSection
	GlobalSection(ProjectConfigurationPlatforms) = postSolution
		{9D876D23-607A-45DC-979A-01DA1D34189C}.Debug|Any CPU.ActiveCfg = Debug|Any CPU
		{9D876D23-607A-45DC-979A-01DA1D34189C}.Debug|Any CPU.Build.0 = Debug|Any CPU
		{9D876D23-607A-45DC-979A-01DA1D34189C}.Release|Any CPU.ActiveCfg = Release|Any CPU
		{9D876D23-607A-45DC-979A-01DA1D34189C}.Release|Any CPU.Build.0 = Release|Any CPU
		{C31D92C7-3E33-4904-9C53-B067551F1472}.Debug|Any CPU.ActiveCfg = Debug|Any CPU
		{C31D92C7-3E33-4904-9C53-B067551F1472}.Debug|Any CPU.Build.0 = Debug|Any CPU
		{C31D92C7-3E33-4904-9C53-B067551F1472}.Release|Any CPU.ActiveCfg = Release|Any CPU
		{C31D92C7-3E33-4904-9C53-B067551F1472}.Release|Any CPU.Build.0 = Release|Any CPU
		{B13F2FA3-A802-4BCB-929D-8915B2291F99}.Debug|Any CPU.ActiveCfg = Debug|Any CPU
		{B13F2FA3-A802-4BCB-929D-8915B2291F99}.Debug|Any CPU.Build.0 = Debug|Any CPU
		{B13F2FA3-A802-4BCB-929D-8915B2291F99}.Release|Any CPU.ActiveCfg = Release|Any CPU
		{B13F2FA3-A802-4BCB-929D-8915B2291F99}.Release|Any CPU.Build.0 = Release|Any CPU
		{EB4A44FB-422A-4122-9758-A2EDAB56604A}.Debug|Any CPU.ActiveCfg = Debug|Any CPU
		{EB4A44FB-422A-4122-9758-A2EDAB56604A}.Debug|Any CPU.Build.0 = Debug|Any CPU
		{EB4A44FB-422A-4122-9758-A2EDAB56604A}.Release|Any CPU.ActiveCfg = Release|Any CPU
		{EB4A44FB-422A-4122-9758-A2EDAB56604A}.Release|Any CPU.Build.0 = Release|Any CPU
		{42203426-9492-4992-89A6-F75E78E7CD35}.Debug|Any CPU.ActiveCfg = Debug|Any CPU
		{42203426-9492-4992-89A6-F75E78E7CD35}.Debug|Any CPU.Build.0 = Debug|Any CPU
		{42203426-9492-4992-89A6-F75E78E7CD35}.Release|Any CPU.ActiveCfg = Release|Any CPU
		{42203426-9492-4992-89A6-F75E78E7CD35}.Release|Any CPU.Build.0 = Release|Any CPU
		{BC378398-CA82-4B4C-AA71-D1CCFB99B94C}.Debug|Any CPU.ActiveCfg = Debug|Any CPU
		{BC378398-CA82-4B4C-AA71-D1CCFB99B94C}.Debug|Any CPU.Build.0 = Debug|Any CPU
		{BC378398-CA82-4B4C-AA71-D1CCFB99B94C}.Release|Any CPU.ActiveCfg = Release|Any CPU
		{BC378398-CA82-4B4C-AA71-D1CCFB99B94C}.Release|Any CPU.Build.0 = Release|Any CPU
		{CB430424-A729-4B17-9A44-6D55F2509C04}.Debug|Any CPU.ActiveCfg = Debug|Any CPU
		{CB430424-A729-4B17-9A44-6D55F2509C04}.Debug|Any CPU.Build.0 = Debug|Any CPU
		{CB430424-A729-4B17-9A44-6D55F2509C04}.Release|Any CPU.ActiveCfg = Release|Any CPU
		{CB430424-A729-4B17-9A44-6D55F2509C04}.Release|Any CPU.Build.0 = Release|Any CPU
		{00F4E77C-60CC-40EE-8304-85E67FB1EADE}.Debug|Any CPU.ActiveCfg = Debug|Any CPU
		{00F4E77C-60CC-40EE-8304-85E67FB1EADE}.Debug|Any CPU.Build.0 = Debug|Any CPU
		{00F4E77C-60CC-40EE-8304-85E67FB1EADE}.Release|Any CPU.ActiveCfg = Release|Any CPU
		{00F4E77C-60CC-40EE-8304-85E67FB1EADE}.Release|Any CPU.Build.0 = Release|Any CPU
		{82C45D40-4BFA-43C4-90FC-48F93CEF6649}.Debug|Any CPU.ActiveCfg = Debug|Any CPU
		{82C45D40-4BFA-43C4-90FC-48F93CEF6649}.Debug|Any CPU.Build.0 = Debug|Any CPU
		{82C45D40-4BFA-43C4-90FC-48F93CEF6649}.Release|Any CPU.ActiveCfg = Release|Any CPU
		{82C45D40-4BFA-43C4-90FC-48F93CEF6649}.Release|Any CPU.Build.0 = Release|Any CPU
		{0FD78601-4BF7-4DAE-91E3-B379F6F98B1A}.Debug|Any CPU.ActiveCfg = Debug|Any CPU
		{0FD78601-4BF7-4DAE-91E3-B379F6F98B1A}.Debug|Any CPU.Build.0 = Debug|Any CPU
		{0FD78601-4BF7-4DAE-91E3-B379F6F98B1A}.Release|Any CPU.ActiveCfg = Release|Any CPU
		{0FD78601-4BF7-4DAE-91E3-B379F6F98B1A}.Release|Any CPU.Build.0 = Release|Any CPU
		{23BABE7A-C033-48A1-B2B3-FF038ECF6FEE}.Debug|Any CPU.ActiveCfg = Debug|Any CPU
		{23BABE7A-C033-48A1-B2B3-FF038ECF6FEE}.Debug|Any CPU.Build.0 = Debug|Any CPU
		{23BABE7A-C033-48A1-B2B3-FF038ECF6FEE}.Release|Any CPU.ActiveCfg = Release|Any CPU
		{23BABE7A-C033-48A1-B2B3-FF038ECF6FEE}.Release|Any CPU.Build.0 = Release|Any CPU
		{8BBB94A4-6963-47FF-A664-A35B259416D0}.Debug|Any CPU.ActiveCfg = Debug|Any CPU
		{8BBB94A4-6963-47FF-A664-A35B259416D0}.Debug|Any CPU.Build.0 = Debug|Any CPU
		{8BBB94A4-6963-47FF-A664-A35B259416D0}.Release|Any CPU.ActiveCfg = Release|Any CPU
		{8BBB94A4-6963-47FF-A664-A35B259416D0}.Release|Any CPU.Build.0 = Release|Any CPU
		{C6D76228-8DCB-4D1F-8D2C-676725361C7C}.Debug|Any CPU.ActiveCfg = Debug|Any CPU
		{C6D76228-8DCB-4D1F-8D2C-676725361C7C}.Debug|Any CPU.Build.0 = Debug|Any CPU
		{C6D76228-8DCB-4D1F-8D2C-676725361C7C}.Release|Any CPU.ActiveCfg = Release|Any CPU
		{C6D76228-8DCB-4D1F-8D2C-676725361C7C}.Release|Any CPU.Build.0 = Release|Any CPU
		{DFB313E6-7C0B-4E87-943D-B96813CF3861}.Debug|Any CPU.ActiveCfg = Debug|Any CPU
		{DFB313E6-7C0B-4E87-943D-B96813CF3861}.Debug|Any CPU.Build.0 = Debug|Any CPU
		{DFB313E6-7C0B-4E87-943D-B96813CF3861}.Release|Any CPU.ActiveCfg = Release|Any CPU
		{DFB313E6-7C0B-4E87-943D-B96813CF3861}.Release|Any CPU.Build.0 = Release|Any CPU
		{F79A9CA7-84CD-4D4D-B53D-32B7FF0C75A3}.Debug|Any CPU.ActiveCfg = Debug|Any CPU
		{F79A9CA7-84CD-4D4D-B53D-32B7FF0C75A3}.Debug|Any CPU.Build.0 = Debug|Any CPU
		{F79A9CA7-84CD-4D4D-B53D-32B7FF0C75A3}.Release|Any CPU.ActiveCfg = Release|Any CPU
		{F79A9CA7-84CD-4D4D-B53D-32B7FF0C75A3}.Release|Any CPU.Build.0 = Release|Any CPU
	EndGlobalSection
	GlobalSection(SolutionProperties) = preSolution
		HideSolutionNode = FALSE
	EndGlobalSection
	GlobalSection(NestedProjects) = preSolution
		{C03C2388-5E3F-45AB-A93A-EF10A62E158A} = {5262AF3A-5A4A-458E-8C38-B133972D058F}
	EndGlobalSection
	GlobalSection(ExtensibilityGlobals) = postSolution
		SolutionGuid = {3DD3ABE1-3068-4105-ADF6-2D4218C9F56B}
	EndGlobalSection
EndGlobal
