
Microsoft Visual Studio Solution File, Format Version 12.00
# Visual Studio 15
VisualStudioVersion = 15.0.26730.16
MinimumVisualStudioVersion = 10.0.40219.1
Project("{9A19103F-16F7-4668-BE54-9A1E7A4F7556}") = "Atata", "Atata\Atata.csproj", "{201E92B8-FF77-4628-A082-AE83C0761B23}"
EndProject
Project("{9A19103F-16F7-4668-BE54-9A1E7A4F7556}") = "Atata.Tests-NetCore", "Atata.Tests\Atata.Tests-NetCore.csproj", "{CA2E2EFB-2035-4FD1-8390-8B5FC23C9C85}"
EndProject
Project("{9A19103F-16F7-4668-BE54-9A1E7A4F7556}") = "Atata.TestApp", "Atata.TestApp\Atata.TestApp.csproj", "{AC6C5539-CA3F-425D-A397-91DE6B039B97}"
EndProject
Project("{2150E333-8FDC-42A3-9474-1A3956D46DE8}") = "Solution Items", "Solution Items", "{2E42EC1A-20EB-4C63-BAA3-84C0D1947180}"
	ProjectSection(SolutionItems) = preProject
		Atata.ruleset = Atata.ruleset
		GenerateControlDelegates.ps1 = GenerateControlDelegates.ps1
		GenerateDriverAtataContextBuilders.ps1 = GenerateDriverAtataContextBuilders.ps1
		GenerateHeadingVerificationTriggers.ps1 = GenerateHeadingVerificationTriggers.ps1
		..\README.md = ..\README.md
	EndProjectSection
EndProject
Global
	GlobalSection(SolutionConfigurationPlatforms) = preSolution
		Debug|Any CPU = Debug|Any CPU
		Release|Any CPU = Release|Any CPU
	EndGlobalSection
	GlobalSection(ProjectConfigurationPlatforms) = postSolution
		{201E92B8-FF77-4628-A082-AE83C0761B23}.Debug|Any CPU.ActiveCfg = Debug|Any CPU
		{201E92B8-FF77-4628-A082-AE83C0761B23}.Debug|Any CPU.Build.0 = Debug|Any CPU
		{201E92B8-FF77-4628-A082-AE83C0761B23}.Release|Any CPU.ActiveCfg = Release|Any CPU
		{201E92B8-FF77-4628-A082-AE83C0761B23}.Release|Any CPU.Build.0 = Release|Any CPU
		{CA2E2EFB-2035-4FD1-8390-8B5FC23C9C85}.Debug|Any CPU.ActiveCfg = Debug|Any CPU
		{CA2E2EFB-2035-4FD1-8390-8B5FC23C9C85}.Debug|Any CPU.Build.0 = Debug|Any CPU
		{CA2E2EFB-2035-4FD1-8390-8B5FC23C9C85}.Release|Any CPU.ActiveCfg = Release|Any CPU
		{CA2E2EFB-2035-4FD1-8390-8B5FC23C9C85}.Release|Any CPU.Build.0 = Release|Any CPU
		{AC6C5539-CA3F-425D-A397-91DE6B039B97}.Debug|Any CPU.ActiveCfg = Debug|Any CPU
		{AC6C5539-CA3F-425D-A397-91DE6B039B97}.Debug|Any CPU.Build.0 = Debug|Any CPU
		{AC6C5539-CA3F-425D-A397-91DE6B039B97}.Release|Any CPU.ActiveCfg = Release|Any CPU
		{AC6C5539-CA3F-425D-A397-91DE6B039B97}.Release|Any CPU.Build.0 = Release|Any CPU
	EndGlobalSection
	GlobalSection(SolutionProperties) = preSolution
		HideSolutionNode = FALSE
	EndGlobalSection
	GlobalSection(ExtensibilityGlobals) = postSolution
		SolutionGuid = {4C4961EC-FC56-48AD-943A-2C82E31C846D}
	EndGlobalSection
EndGlobal
